
Microsoft Visual Studio Solution File, Format Version 12.00
# Visual Studio Version 16
VisualStudioVersion = 16.0.32602.291
MinimumVisualStudioVersion = 10.0.40219.1
Project("{9A19103F-16F7-4668-BE54-9A1E7A4F7556}") = "InvoiceManager.Web", "InvoiceManager.Web.csproj", "{CE99973A-1103-4B61-B5CF-266653498D6E}"
EndProject
Project("{9A19103F-16F7-4668-BE54-9A1E7A4F7556}") = "InvoiceManager.DataAccessLayer", "..\InvoiceManager.DAL\InvoiceManager.DataAccessLayer.csproj", "{3714FD3C-F077-49E4-A286-EF62A07F5842}"
EndProject
Global
	GlobalSection(SolutionConfigurationPlatforms) = preSolution
		Debug|Any CPU = Debug|Any CPU
		Release|Any CPU = Release|Any CPU
	EndGlobalSection
	GlobalSection(ProjectConfigurationPlatforms) = postSolution
		{CE99973A-1103-4B61-B5CF-266653498D6E}.Debug|Any CPU.ActiveCfg = Debug|Any CPU
		{CE99973A-1103-4B61-B5CF-266653498D6E}.Debug|Any CPU.Build.0 = Debug|Any CPU
		{CE99973A-1103-4B61-B5CF-266653498D6E}.Release|Any CPU.ActiveCfg = Release|Any CPU
		{CE99973A-1103-4B61-B5CF-266653498D6E}.Release|Any CPU.Build.0 = Release|Any CPU
		{3714FD3C-F077-49E4-A286-EF62A07F5842}.Debug|Any CPU.ActiveCfg = Debug|Any CPU
		{3714FD3C-F077-49E4-A286-EF62A07F5842}.Debug|Any CPU.Build.0 = Debug|Any CPU
		{3714FD3C-F077-49E4-A286-EF62A07F5842}.Release|Any CPU.ActiveCfg = Release|Any CPU
		{3714FD3C-F077-49E4-A286-EF62A07F5842}.Release|Any CPU.Build.0 = Release|Any CPU
	EndGlobalSection
	GlobalSection(SolutionProperties) = preSolution
		HideSolutionNode = FALSE
	EndGlobalSection
	GlobalSection(ExtensibilityGlobals) = postSolution
		SolutionGuid = {229F4628-A84E-4BB5-BF64-5ECB22C3BA67}
	EndGlobalSection
EndGlobal
